// !$*UTF8*$!
{
	archiveVersion = 1;
	classes = {
	};
	objectVersion = 50;
	objects = {

/* Begin PBXBuildFile section */
		4905C36724879D0A004AB54D /* FilmsResponse.swift in Sources */ = {isa = PBXBuildFile; fileRef = 4905C36624879D0A004AB54D /* FilmsResponse.swift */; };
		4905C36924879D5F004AB54D /* Film.swift in Sources */ = {isa = PBXBuildFile; fileRef = 4905C36824879D5F004AB54D /* Film.swift */; };
		4905C36B24879EA0004AB54D /* FilmTableViewCell.swift in Sources */ = {isa = PBXBuildFile; fileRef = 4905C36A24879EA0004AB54D /* FilmTableViewCell.swift */; };
		49CEFC54247F8DE600771477 /* AppDelegate.swift in Sources */ = {isa = PBXBuildFile; fileRef = 49CEFC53247F8DE600771477 /* AppDelegate.swift */; };
		49CEFC56247F8DE600771477 /* SceneDelegate.swift in Sources */ = {isa = PBXBuildFile; fileRef = 49CEFC55247F8DE600771477 /* SceneDelegate.swift */; };
		49CEFC58247F8DE600771477 /* PlanetViewController.swift in Sources */ = {isa = PBXBuildFile; fileRef = 49CEFC57247F8DE600771477 /* PlanetViewController.swift */; };
		49CEFC5A247F8DE600771477 /* FilmsViewController.swift in Sources */ = {isa = PBXBuildFile; fileRef = 49CEFC59247F8DE600771477 /* FilmsViewController.swift */; };
		49CEFC5D247F8DE600771477 /* Main.storyboard in Resources */ = {isa = PBXBuildFile; fileRef = 49CEFC5B247F8DE600771477 /* Main.storyboard */; };
		49CEFC5F247F8DE900771477 /* Assets.xcassets in Resources */ = {isa = PBXBuildFile; fileRef = 49CEFC5E247F8DE900771477 /* Assets.xcassets */; };
		49CEFC62247F8DE900771477 /* LaunchScreen.storyboard in Resources */ = {isa = PBXBuildFile; fileRef = 49CEFC60247F8DE900771477 /* LaunchScreen.storyboard */; };
		49CEFC6D247F8DE900771477 /* starwarTests.swift in Sources */ = {isa = PBXBuildFile; fileRef = 49CEFC6C247F8DE900771477 /* starwarTests.swift */; };
		49CEFC78247F8DEA00771477 /* starwarUITests.swift in Sources */ = {isa = PBXBuildFile; fileRef = 49CEFC77247F8DEA00771477 /* starwarUITests.swift */; };
		49E589A424862A86002F6453 /* PlanetTableViewCell.swift in Sources */ = {isa = PBXBuildFile; fileRef = 49E589A324862A86002F6453 /* PlanetTableViewCell.swift */; };
		49E589A724863617002F6453 /* DataService.swift in Sources */ = {isa = PBXBuildFile; fileRef = 49E589A624863617002F6453 /* DataService.swift */; };
		49E589A924863BF5002F6453 /* Planet.swift in Sources */ = {isa = PBXBuildFile; fileRef = 49E589A824863BF5002F6453 /* Planet.swift */; };
		49E589AB24868F14002F6453 /* PlanetsResponse.swift in Sources */ = {isa = PBXBuildFile; fileRef = 49E589AA24868F14002F6453 /* PlanetsResponse.swift */; };
/* End PBXBuildFile section */

/* Begin PBXContainerItemProxy section */
		49CEFC69247F8DE900771477 /* PBXContainerItemProxy */ = {
			isa = PBXContainerItemProxy;
			containerPortal = 49CEFC48247F8DE600771477 /* Project object */;
			proxyType = 1;
			remoteGlobalIDString = 49CEFC4F247F8DE600771477;
			remoteInfo = starwar;
		};
		49CEFC74247F8DE900771477 /* PBXContainerItemProxy */ = {
			isa = PBXContainerItemProxy;
			containerPortal = 49CEFC48247F8DE600771477 /* Project object */;
			proxyType = 1;
			remoteGlobalIDString = 49CEFC4F247F8DE600771477;
			remoteInfo = starwar;
		};
/* End PBXContainerItemProxy section */

/* Begin PBXFileReference section */
		4905C36624879D0A004AB54D /* FilmsResponse.swift */ = {isa = PBXFileReference; lastKnownFileType = sourcecode.swift; path = FilmsResponse.swift; sourceTree = "<group>"; };
		4905C36824879D5F004AB54D /* Film.swift */ = {isa = PBXFileReference; lastKnownFileType = sourcecode.swift; path = Film.swift; sourceTree = "<group>"; };
		4905C36A24879EA0004AB54D /* FilmTableViewCell.swift */ = {isa = PBXFileReference; lastKnownFileType = sourcecode.swift; path = FilmTableViewCell.swift; sourceTree = "<group>"; };
		49CEFC50247F8DE600771477 /* starwar.app */ = {isa = PBXFileReference; explicitFileType = wrapper.application; includeInIndex = 0; path = starwar.app; sourceTree = BUILT_PRODUCTS_DIR; };
		49CEFC53247F8DE600771477 /* AppDelegate.swift */ = {isa = PBXFileReference; lastKnownFileType = sourcecode.swift; path = AppDelegate.swift; sourceTree = "<group>"; };
		49CEFC55247F8DE600771477 /* SceneDelegate.swift */ = {isa = PBXFileReference; lastKnownFileType = sourcecode.swift; path = SceneDelegate.swift; sourceTree = "<group>"; };
		49CEFC57247F8DE600771477 /* PlanetViewController.swift */ = {isa = PBXFileReference; lastKnownFileType = sourcecode.swift; path = PlanetViewController.swift; sourceTree = "<group>"; };
		49CEFC59247F8DE600771477 /* FilmsViewController.swift */ = {isa = PBXFileReference; lastKnownFileType = sourcecode.swift; path = FilmsViewController.swift; sourceTree = "<group>"; };
		49CEFC5C247F8DE600771477 /* Base */ = {isa = PBXFileReference; lastKnownFileType = file.storyboard; name = Base; path = Base.lproj/Main.storyboard; sourceTree = "<group>"; };
		49CEFC5E247F8DE900771477 /* Assets.xcassets */ = {isa = PBXFileReference; lastKnownFileType = folder.assetcatalog; path = Assets.xcassets; sourceTree = "<group>"; };
		49CEFC61247F8DE900771477 /* Base */ = {isa = PBXFileReference; lastKnownFileType = file.storyboard; name = Base; path = Base.lproj/LaunchScreen.storyboard; sourceTree = "<group>"; };
		49CEFC63247F8DE900771477 /* Info.plist */ = {isa = PBXFileReference; lastKnownFileType = text.plist.xml; path = Info.plist; sourceTree = "<group>"; };
		49CEFC68247F8DE900771477 /* starwarTests.xctest */ = {isa = PBXFileReference; explicitFileType = wrapper.cfbundle; includeInIndex = 0; path = starwarTests.xctest; sourceTree = BUILT_PRODUCTS_DIR; };
		49CEFC6C247F8DE900771477 /* starwarTests.swift */ = {isa = PBXFileReference; lastKnownFileType = sourcecode.swift; path = starwarTests.swift; sourceTree = "<group>"; };
		49CEFC6E247F8DE900771477 /* Info.plist */ = {isa = PBXFileReference; lastKnownFileType = text.plist.xml; path = Info.plist; sourceTree = "<group>"; };
		49CEFC73247F8DE900771477 /* starwarUITests.xctest */ = {isa = PBXFileReference; explicitFileType = wrapper.cfbundle; includeInIndex = 0; path = starwarUITests.xctest; sourceTree = BUILT_PRODUCTS_DIR; };
		49CEFC77247F8DEA00771477 /* starwarUITests.swift */ = {isa = PBXFileReference; lastKnownFileType = sourcecode.swift; path = starwarUITests.swift; sourceTree = "<group>"; };
		49CEFC79247F8DEA00771477 /* Info.plist */ = {isa = PBXFileReference; lastKnownFileType = text.plist.xml; path = Info.plist; sourceTree = "<group>"; };
		49E589A324862A86002F6453 /* PlanetTableViewCell.swift */ = {isa = PBXFileReference; lastKnownFileType = sourcecode.swift; path = PlanetTableViewCell.swift; sourceTree = "<group>"; };
		49E589A624863617002F6453 /* DataService.swift */ = {isa = PBXFileReference; lastKnownFileType = sourcecode.swift; path = DataService.swift; sourceTree = "<group>"; };
		49E589A824863BF5002F6453 /* Planet.swift */ = {isa = PBXFileReference; lastKnownFileType = sourcecode.swift; path = Planet.swift; sourceTree = "<group>"; };
		49E589AA24868F14002F6453 /* PlanetsResponse.swift */ = {isa = PBXFileReference; lastKnownFileType = sourcecode.swift; path = PlanetsResponse.swift; sourceTree = "<group>"; };
/* End PBXFileReference section */

/* Begin PBXFrameworksBuildPhase section */
		49CEFC4D247F8DE600771477 /* Frameworks */ = {
			isa = PBXFrameworksBuildPhase;
			buildActionMask = 2147483647;
			files = (
			);
			runOnlyForDeploymentPostprocessing = 0;
		};
		49CEFC65247F8DE900771477 /* Frameworks */ = {
			isa = PBXFrameworksBuildPhase;
			buildActionMask = 2147483647;
			files = (
			);
			runOnlyForDeploymentPostprocessing = 0;
		};
		49CEFC70247F8DE900771477 /* Frameworks */ = {
			isa = PBXFrameworksBuildPhase;
			buildActionMask = 2147483647;
			files = (
			);
			runOnlyForDeploymentPostprocessing = 0;
		};
/* End PBXFrameworksBuildPhase section */

/* Begin PBXGroup section */
		49CEFC47247F8DE600771477 = {
			isa = PBXGroup;
			children = (
				49CEFC52247F8DE600771477 /* starwar */,
				49CEFC6B247F8DE900771477 /* starwarTests */,
				49CEFC76247F8DE900771477 /* starwarUITests */,
				49CEFC51247F8DE600771477 /* Products */,
			);
			sourceTree = "<group>";
		};
		49CEFC51247F8DE600771477 /* Products */ = {
			isa = PBXGroup;
			children = (
				49CEFC50247F8DE600771477 /* starwar.app */,
				49CEFC68247F8DE900771477 /* starwarTests.xctest */,
				49CEFC73247F8DE900771477 /* starwarUITests.xctest */,
			);
			name = Products;
			sourceTree = "<group>";
		};
		49CEFC52247F8DE600771477 /* starwar */ = {
			isa = PBXGroup;
			children = (
				49E589AC24869A85002F6453 /* ViewController */,
				49E589A524863539002F6453 /* Model */,
				49E589A224862A31002F6453 /* ViewsAndAssets */,
				49CEFC53247F8DE600771477 /* AppDelegate.swift */,
				49CEFC55247F8DE600771477 /* SceneDelegate.swift */,
				49CEFC5B247F8DE600771477 /* Main.storyboard */,
				49CEFC5E247F8DE900771477 /* Assets.xcassets */,
				49CEFC60247F8DE900771477 /* LaunchScreen.storyboard */,
				49CEFC63247F8DE900771477 /* Info.plist */,
			);
			path = starwar;
			sourceTree = "<group>";
		};
		49CEFC6B247F8DE900771477 /* starwarTests */ = {
			isa = PBXGroup;
			children = (
				49CEFC6C247F8DE900771477 /* starwarTests.swift */,
				49CEFC6E247F8DE900771477 /* Info.plist */,
			);
			path = starwarTests;
			sourceTree = "<group>";
		};
		49CEFC76247F8DE900771477 /* starwarUITests */ = {
			isa = PBXGroup;
			children = (
				49CEFC77247F8DEA00771477 /* starwarUITests.swift */,
				49CEFC79247F8DEA00771477 /* Info.plist */,
			);
			path = starwarUITests;
			sourceTree = "<group>";
		};
		49E589A224862A31002F6453 /* ViewsAndAssets */ = {
			isa = PBXGroup;
			children = (
				49E589A324862A86002F6453 /* PlanetTableViewCell.swift */,
				4905C36A24879EA0004AB54D /* FilmTableViewCell.swift */,
			);
			path = ViewsAndAssets;
			sourceTree = "<group>";
		};
		49E589A524863539002F6453 /* Model */ = {
			isa = PBXGroup;
			children = (
				49E589A624863617002F6453 /* DataService.swift */,
				49E589A824863BF5002F6453 /* Planet.swift */,
				49E589AA24868F14002F6453 /* PlanetsResponse.swift */,
				4905C36624879D0A004AB54D /* FilmsResponse.swift */,
				4905C36824879D5F004AB54D /* Film.swift */,
			);
			path = Model;
			sourceTree = "<group>";
		};
		49E589AC24869A85002F6453 /* ViewController */ = {
			isa = PBXGroup;
			children = (
				49CEFC57247F8DE600771477 /* PlanetViewController.swift */,
				49CEFC59247F8DE600771477 /* FilmsViewController.swift */,
			);
			path = ViewController;
			sourceTree = "<group>";
		};
/* End PBXGroup section */

/* Begin PBXNativeTarget section */
		49CEFC4F247F8DE600771477 /* starwar */ = {
			isa = PBXNativeTarget;
			buildConfigurationList = 49CEFC7C247F8DEA00771477 /* Build configuration list for PBXNativeTarget "starwar" */;
			buildPhases = (
				49CEFC4C247F8DE600771477 /* Sources */,
				49CEFC4D247F8DE600771477 /* Frameworks */,
				49CEFC4E247F8DE600771477 /* Resources */,
			);
			buildRules = (
			);
			dependencies = (
			);
			name = starwar;
			productName = starwar;
			productReference = 49CEFC50247F8DE600771477 /* starwar.app */;
			productType = "com.apple.product-type.application";
		};
		49CEFC67247F8DE900771477 /* starwarTests */ = {
			isa = PBXNativeTarget;
			buildConfigurationList = 49CEFC7F247F8DEA00771477 /* Build configuration list for PBXNativeTarget "starwarTests" */;
			buildPhases = (
				49CEFC64247F8DE900771477 /* Sources */,
				49CEFC65247F8DE900771477 /* Frameworks */,
				49CEFC66247F8DE900771477 /* Resources */,
			);
			buildRules = (
			);
			dependencies = (
				49CEFC6A247F8DE900771477 /* PBXTargetDependency */,
			);
			name = starwarTests;
			productName = starwarTests;
			productReference = 49CEFC68247F8DE900771477 /* starwarTests.xctest */;
			productType = "com.apple.product-type.bundle.unit-test";
		};
		49CEFC72247F8DE900771477 /* starwarUITests */ = {
			isa = PBXNativeTarget;
			buildConfigurationList = 49CEFC82247F8DEA00771477 /* Build configuration list for PBXNativeTarget "starwarUITests" */;
			buildPhases = (
				49CEFC6F247F8DE900771477 /* Sources */,
				49CEFC70247F8DE900771477 /* Frameworks */,
				49CEFC71247F8DE900771477 /* Resources */,
			);
			buildRules = (
			);
			dependencies = (
				49CEFC75247F8DE900771477 /* PBXTargetDependency */,
			);
			name = starwarUITests;
			productName = starwarUITests;
			productReference = 49CEFC73247F8DE900771477 /* starwarUITests.xctest */;
			productType = "com.apple.product-type.bundle.ui-testing";
		};
/* End PBXNativeTarget section */

/* Begin PBXProject section */
		49CEFC48247F8DE600771477 /* Project object */ = {
			isa = PBXProject;
			attributes = {
				LastSwiftUpdateCheck = 1140;
				LastUpgradeCheck = 1140;
				ORGANIZATIONNAME = seintsan;
				TargetAttributes = {
					49CEFC4F247F8DE600771477 = {
						CreatedOnToolsVersion = 11.4.1;
					};
					49CEFC67247F8DE900771477 = {
						CreatedOnToolsVersion = 11.4.1;
						TestTargetID = 49CEFC4F247F8DE600771477;
					};
					49CEFC72247F8DE900771477 = {
						CreatedOnToolsVersion = 11.4.1;
						TestTargetID = 49CEFC4F247F8DE600771477;
					};
				};
			};
			buildConfigurationList = 49CEFC4B247F8DE600771477 /* Build configuration list for PBXProject "starwar" */;
			compatibilityVersion = "Xcode 9.3";
			developmentRegion = en;
			hasScannedForEncodings = 0;
			knownRegions = (
				en,
				Base,
			);
			mainGroup = 49CEFC47247F8DE600771477;
			productRefGroup = 49CEFC51247F8DE600771477 /* Products */;
			projectDirPath = "";
			projectRoot = "";
			targets = (
				49CEFC4F247F8DE600771477 /* starwar */,
				49CEFC67247F8DE900771477 /* starwarTests */,
				49CEFC72247F8DE900771477 /* starwarUITests */,
			);
		};
/* End PBXProject section */

/* Begin PBXResourcesBuildPhase section */
		49CEFC4E247F8DE600771477 /* Resources */ = {
			isa = PBXResourcesBuildPhase;
			buildActionMask = 2147483647;
			files = (
				49CEFC62247F8DE900771477 /* LaunchScreen.storyboard in Resources */,
				49CEFC5F247F8DE900771477 /* Assets.xcassets in Resources */,
				49CEFC5D247F8DE600771477 /* Main.storyboard in Resources */,
			);
			runOnlyForDeploymentPostprocessing = 0;
		};
		49CEFC66247F8DE900771477 /* Resources */ = {
			isa = PBXResourcesBuildPhase;
			buildActionMask = 2147483647;
			files = (
			);
			runOnlyForDeploymentPostprocessing = 0;
		};
		49CEFC71247F8DE900771477 /* Resources */ = {
			isa = PBXResourcesBuildPhase;
			buildActionMask = 2147483647;
			files = (
			);
			runOnlyForDeploymentPostprocessing = 0;
		};
/* End PBXResourcesBuildPhase section */

/* Begin PBXSourcesBuildPhase section */
		49CEFC4C247F8DE600771477 /* Sources */ = {
			isa = PBXSourcesBuildPhase;
			buildActionMask = 2147483647;
			files = (
				49CEFC5A247F8DE600771477 /* FilmsViewController.swift in Sources */,
				4905C36724879D0A004AB54D /* FilmsResponse.swift in Sources */,
				49CEFC58247F8DE600771477 /* PlanetViewController.swift in Sources */,
				4905C36B24879EA0004AB54D /* FilmTableViewCell.swift in Sources */,
				49CEFC54247F8DE600771477 /* AppDelegate.swift in Sources */,
				49E589A724863617002F6453 /* DataService.swift in Sources */,
				4905C36924879D5F004AB54D /* Film.swift in Sources */,
				49E589A924863BF5002F6453 /* Planet.swift in Sources */,
				49CEFC56247F8DE600771477 /* SceneDelegate.swift in Sources */,
				49E589AB24868F14002F6453 /* PlanetsResponse.swift in Sources */,
				49E589A424862A86002F6453 /* PlanetTableViewCell.swift in Sources */,
			);
			runOnlyForDeploymentPostprocessing = 0;
		};
		49CEFC64247F8DE900771477 /* Sources */ = {
			isa = PBXSourcesBuildPhase;
			buildActionMask = 2147483647;
			files = (
				49CEFC6D247F8DE900771477 /* starwarTests.swift in Sources */,
			);
			runOnlyForDeploymentPostprocessing = 0;
		};
		49CEFC6F247F8DE900771477 /* Sources */ = {
			isa = PBXSourcesBuildPhase;
			buildActionMask = 2147483647;
			files = (
				49CEFC78247F8DEA00771477 /* starwarUITests.swift in Sources */,
			);
			runOnlyForDeploymentPostprocessing = 0;
		};
/* End PBXSourcesBuildPhase section */

/* Begin PBXTargetDependency section */
		49CEFC6A247F8DE900771477 /* PBXTargetDependency */ = {
			isa = PBXTargetDependency;
			target = 49CEFC4F247F8DE600771477 /* starwar */;
			targetProxy = 49CEFC69247F8DE900771477 /* PBXContainerItemProxy */;
		};
		49CEFC75247F8DE900771477 /* PBXTargetDependency */ = {
			isa = PBXTargetDependency;
			target = 49CEFC4F247F8DE600771477 /* starwar */;
			targetProxy = 49CEFC74247F8DE900771477 /* PBXContainerItemProxy */;
		};
/* End PBXTargetDependency section */

/* Begin PBXVariantGroup section */
		49CEFC5B247F8DE600771477 /* Main.storyboard */ = {
			isa = PBXVariantGroup;
			children = (
				49CEFC5C247F8DE600771477 /* Base */,
			);
			name = Main.storyboard;
			sourceTree = "<group>";
		};
		49CEFC60247F8DE900771477 /* LaunchScreen.storyboard */ = {
			isa = PBXVariantGroup;
			children = (
				49CEFC61247F8DE900771477 /* Base */,
			);
			name = LaunchScreen.storyboard;
			sourceTree = "<group>";
		};
/* End PBXVariantGroup section */

/* Begin XCBuildConfiguration section */
		49CEFC7A247F8DEA00771477 /* Debug */ = {
			isa = XCBuildConfiguration;
			buildSettings = {
				ALWAYS_SEARCH_USER_PATHS = NO;
				CLANG_ANALYZER_NONNULL = YES;
				CLANG_ANALYZER_NUMBER_OBJECT_CONVERSION = YES_AGGRESSIVE;
				CLANG_CXX_LANGUAGE_STANDARD = "gnu++14";
				CLANG_CXX_LIBRARY = "libc++";
				CLANG_ENABLE_MODULES = YES;
				CLANG_ENABLE_OBJC_ARC = YES;
				CLANG_ENABLE_OBJC_WEAK = YES;
				CLANG_WARN_BLOCK_CAPTURE_AUTORELEASING = YES;
				CLANG_WARN_BOOL_CONVERSION = YES;
				CLANG_WARN_COMMA = YES;
				CLANG_WARN_CONSTANT_CONVERSION = YES;
				CLANG_WARN_DEPRECATED_OBJC_IMPLEMENTATIONS = YES;
				CLANG_WARN_DIRECT_OBJC_ISA_USAGE = YES_ERROR;
				CLANG_WARN_DOCUMENTATION_COMMENTS = YES;
				CLANG_WARN_EMPTY_BODY = YES;
				CLANG_WARN_ENUM_CONVERSION = YES;
				CLANG_WARN_INFINITE_RECURSION = YES;
				CLANG_WARN_INT_CONVERSION = YES;
				CLANG_WARN_NON_LITERAL_NULL_CONVERSION = YES;
				CLANG_WARN_OBJC_IMPLICIT_RETAIN_SELF = YES;
				CLANG_WARN_OBJC_LITERAL_CONVERSION = YES;
				CLANG_WARN_OBJC_ROOT_CLASS = YES_ERROR;
				CLANG_WARN_RANGE_LOOP_ANALYSIS = YES;
				CLANG_WARN_STRICT_PROTOTYPES = YES;
				CLANG_WARN_SUSPICIOUS_MOVE = YES;
				CLANG_WARN_UNGUARDED_AVAILABILITY = YES_AGGRESSIVE;
				CLANG_WARN_UNREACHABLE_CODE = YES;
				CLANG_WARN__DUPLICATE_METHOD_MATCH = YES;
				COPY_PHASE_STRIP = NO;
				DEBUG_INFORMATION_FORMAT = dwarf;
				ENABLE_STRICT_OBJC_MSGSEND = YES;
				ENABLE_TESTABILITY = YES;
				GCC_C_LANGUAGE_STANDARD = gnu11;
				GCC_DYNAMIC_NO_PIC = NO;
				GCC_NO_COMMON_BLOCKS = YES;
				GCC_OPTIMIZATION_LEVEL = 0;
				GCC_PREPROCESSOR_DEFINITIONS = (
					"DEBUG=1",
					"$(inherited)",
				);
				GCC_WARN_64_TO_32_BIT_CONVERSION = YES;
				GCC_WARN_ABOUT_RETURN_TYPE = YES_ERROR;
				GCC_WARN_UNDECLARED_SELECTOR = YES;
				GCC_WARN_UNINITIALIZED_AUTOS = YES_AGGRESSIVE;
				GCC_WARN_UNUSED_FUNCTION = YES;
				GCC_WARN_UNUSED_VARIABLE = YES;
				IPHONEOS_DEPLOYMENT_TARGET = 13.4;
				MTL_ENABLE_DEBUG_INFO = INCLUDE_SOURCE;
				MTL_FAST_MATH = YES;
				ONLY_ACTIVE_ARCH = YES;
				SDKROOT = iphoneos;
				SWIFT_ACTIVE_COMPILATION_CONDITIONS = DEBUG;
				SWIFT_OPTIMIZATION_LEVEL = "-Onone";
			};
			name = Debug;
		};
		49CEFC7B247F8DEA00771477 /* Release */ = {
			isa = XCBuildConfiguration;
			buildSettings = {
				ALWAYS_SEARCH_USER_PATHS = NO;
				CLANG_ANALYZER_NONNULL = YES;
				CLANG_ANALYZER_NUMBER_OBJECT_CONVERSION = YES_AGGRESSIVE;
				CLANG_CXX_LANGUAGE_STANDARD = "gnu++14";
				CLANG_CXX_LIBRARY = "libc++";
				CLANG_ENABLE_MODULES = YES;
				CLANG_ENABLE_OBJC_ARC = YES;
				CLANG_ENABLE_OBJC_WEAK = YES;
				CLANG_WARN_BLOCK_CAPTURE_AUTORELEASING = YES;
				CLANG_WARN_BOOL_CONVERSION = YES;
				CLANG_WARN_COMMA = YES;
				CLANG_WARN_CONSTANT_CONVERSION = YES;
				CLANG_WARN_DEPRECATED_OBJC_IMPLEMENTATIONS = YES;
				CLANG_WARN_DIRECT_OBJC_ISA_USAGE = YES_ERROR;
				CLANG_WARN_DOCUMENTATION_COMMENTS = YES;
				CLANG_WARN_EMPTY_BODY = YES;
				CLANG_WARN_ENUM_CONVERSION = YES;
				CLANG_WARN_INFINITE_RECURSION = YES;
				CLANG_WARN_INT_CONVERSION = YES;
				CLANG_WARN_NON_LITERAL_NULL_CONVERSION = YES;
				CLANG_WARN_OBJC_IMPLICIT_RETAIN_SELF = YES;
				CLANG_WARN_OBJC_LITERAL_CONVERSION = YES;
				CLANG_WARN_OBJC_ROOT_CLASS = YES_ERROR;
				CLANG_WARN_RANGE_LOOP_ANALYSIS = YES;
				CLANG_WARN_STRICT_PROTOTYPES = YES;
				CLANG_WARN_SUSPICIOUS_MOVE = YES;
				CLANG_WARN_UNGUARDED_AVAILABILITY = YES_AGGRESSIVE;
				CLANG_WARN_UNREACHABLE_CODE = YES;
				CLANG_WARN__DUPLICATE_METHOD_MATCH = YES;
				COPY_PHASE_STRIP = NO;
				DEBUG_INFORMATION_FORMAT = "dwarf-with-dsym";
				ENABLE_NS_ASSERTIONS = NO;
				ENABLE_STRICT_OBJC_MSGSEND = YES;
				GCC_C_LANGUAGE_STANDARD = gnu11;
				GCC_NO_COMMON_BLOCKS = YES;
				GCC_WARN_64_TO_32_BIT_CONVERSION = YES;
				GCC_WARN_ABOUT_RETURN_TYPE = YES_ERROR;
				GCC_WARN_UNDECLARED_SELECTOR = YES;
				GCC_WARN_UNINITIALIZED_AUTOS = YES_AGGRESSIVE;
				GCC_WARN_UNUSED_FUNCTION = YES;
				GCC_WARN_UNUSED_VARIABLE = YES;
				IPHONEOS_DEPLOYMENT_TARGET = 13.4;
				MTL_ENABLE_DEBUG_INFO = NO;
				MTL_FAST_MATH = YES;
				SDKROOT = iphoneos;
				SWIFT_COMPILATION_MODE = wholemodule;
				SWIFT_OPTIMIZATION_LEVEL = "-O";
				VALIDATE_PRODUCT = YES;
			};
			name = Release;
		};
		49CEFC7D247F8DEA00771477 /* Debug */ = {
			isa = XCBuildConfiguration;
			buildSettings = {
				ASSETCATALOG_COMPILER_APPICON_NAME = AppIcon;
				CODE_SIGN_STYLE = Automatic;
				INFOPLIST_FILE = starwar/Info.plist;
				LD_RUNPATH_SEARCH_PATHS = (
					"$(inherited)",
					"@executable_path/Frameworks",
				);
				PRODUCT_BUNDLE_IDENTIFIER = com.seint.starwar;
				PRODUCT_NAME = "$(TARGET_NAME)";
				SWIFT_VERSION = 5.0;
				TARGETED_DEVICE_FAMILY = "1,2";
			};
			name = Debug;
		};
		49CEFC7E247F8DEA00771477 /* Release */ = {
			isa = XCBuildConfiguration;
			buildSettings = {
				ASSETCATALOG_COMPILER_APPICON_NAME = AppIcon;
				CODE_SIGN_STYLE = Automatic;
				INFOPLIST_FILE = starwar/Info.plist;
				LD_RUNPATH_SEARCH_PATHS = (
					"$(inherited)",
					"@executable_path/Frameworks",
				);
				PRODUCT_BUNDLE_IDENTIFIER = com.seint.starwar;
				PRODUCT_NAME = "$(TARGET_NAME)";
				SWIFT_VERSION = 5.0;
				TARGETED_DEVICE_FAMILY = "1,2";
			};
			name = Release;
		};
		49CEFC80247F8DEA00771477 /* Debug */ = {
			isa = XCBuildConfiguration;
			buildSettings = {
				ALWAYS_EMBED_SWIFT_STANDARD_LIBRARIES = YES;
				BUNDLE_LOADER = "$(TEST_HOST)";
				CODE_SIGN_STYLE = Automatic;
				INFOPLIST_FILE = starwarTests/Info.plist;
				IPHONEOS_DEPLOYMENT_TARGET = 13.4;
				LD_RUNPATH_SEARCH_PATHS = (
					"$(inherited)",
					"@executable_path/Frameworks",
					"@loader_path/Frameworks",
				);
				PRODUCT_BUNDLE_IDENTIFIER = com.seint.starwarTests;
				PRODUCT_NAME = "$(TARGET_NAME)";
				SWIFT_VERSION = 5.0;
				TARGETED_DEVICE_FAMILY = "1,2";
				TEST_HOST = "$(BUILT_PRODUCTS_DIR)/starwar.app/starwar";
			};
			name = Debug;
		};
		49CEFC81247F8DEA00771477 /* Release */ = {
			isa = XCBuildConfiguration;
			buildSettings = {
				ALWAYS_EMBED_SWIFT_STANDARD_LIBRARIES = YES;
				BUNDLE_LOADER = "$(TEST_HOST)";
				CODE_SIGN_STYLE = Automatic;
				INFOPLIST_FILE = starwarTests/Info.plist;
				IPHONEOS_DEPLOYMENT_TARGET = 13.4;
				LD_RUNPATH_SEARCH_PATHS = (
					"$(inherited)",
					"@executable_path/Frameworks",
					"@loader_path/Frameworks",
				);
				PRODUCT_BUNDLE_IDENTIFIER = com.seint.starwarTests;
				PRODUCT_NAME = "$(TARGET_NAME)";
				SWIFT_VERSION = 5.0;
				TARGETED_DEVICE_FAMILY = "1,2";
				TEST_HOST = "$(BUILT_PRODUCTS_DIR)/starwar.app/starwar";
			};
			name = Release;
		};
		49CEFC83247F8DEA00771477 /* Debug */ = {
			isa = XCBuildConfiguration;
			buildSettings = {
				ALWAYS_EMBED_SWIFT_STANDARD_LIBRARIES = YES;
				CODE_SIGN_STYLE = Automatic;
				INFOPLIST_FILE = starwarUITests/Info.plist;
				LD_RUNPATH_SEARCH_PATHS = (
					"$(inherited)",
					"@executable_path/Frameworks",
					"@loader_path/Frameworks",
				);
				PRODUCT_BUNDLE_IDENTIFIER = com.seint.starwarUITests;
				PRODUCT_NAME = "$(TARGET_NAME)";
				SWIFT_VERSION = 5.0;
				TARGETED_DEVICE_FAMILY = "1,2";
				TEST_TARGET_NAME = starwar;
			};
			name = Debug;
		};
		49CEFC84247F8DEA00771477 /* Release */ = {
			isa = XCBuildConfiguration;
			buildSettings = {
				ALWAYS_EMBED_SWIFT_STANDARD_LIBRARIES = YES;
				CODE_SIGN_STYLE = Automatic;
				INFOPLIST_FILE = starwarUITests/Info.plist;
				LD_RUNPATH_SEARCH_PATHS = (
					"$(inherited)",
					"@executable_path/Frameworks",
					"@loader_path/Frameworks",
				);
				PRODUCT_BUNDLE_IDENTIFIER = com.seint.starwarUITests;
				PRODUCT_NAME = "$(TARGET_NAME)";
				SWIFT_VERSION = 5.0;
				TARGETED_DEVICE_FAMILY = "1,2";
				TEST_TARGET_NAME = starwar;
			};
			name = Release;
		};
/* End XCBuildConfiguration section */

/* Begin XCConfigurationList section */
		49CEFC4B247F8DE600771477 /* Build configuration list for PBXProject "starwar" */ = {
			isa = XCConfigurationList;
			buildConfigurations = (
				49CEFC7A247F8DEA00771477 /* Debug */,
				49CEFC7B247F8DEA00771477 /* Release */,
			);
			defaultConfigurationIsVisible = 0;
			defaultConfigurationName = Release;
		};
		49CEFC7C247F8DEA00771477 /* Build configuration list for PBXNativeTarget "starwar" */ = {
			isa = XCConfigurationList;
			buildConfigurations = (
				49CEFC7D247F8DEA00771477 /* Debug */,
				49CEFC7E247F8DEA00771477 /* Release */,
			);
			defaultConfigurationIsVisible = 0;
			defaultConfigurationName = Release;
		};
		49CEFC7F247F8DEA00771477 /* Build configuration list for PBXNativeTarget "starwarTests" */ = {
			isa = XCConfigurationList;
			buildConfigurations = (
				49CEFC80247F8DEA00771477 /* Debug */,
				49CEFC81247F8DEA00771477 /* Release */,
			);
			defaultConfigurationIsVisible = 0;
			defaultConfigurationName = Release;
		};
		49CEFC82247F8DEA00771477 /* Build configuration list for PBXNativeTarget "starwarUITests" */ = {
			isa = XCConfigurationList;
			buildConfigurations = (
				49CEFC83247F8DEA00771477 /* Debug */,
				49CEFC84247F8DEA00771477 /* Release */,
			);
			defaultConfigurationIsVisible = 0;
			defaultConfigurationName = Release;
		};
/* End XCConfigurationList section */
	};
	rootObject = 49CEFC48247F8DE600771477 /* Project object */;
}
